
Microsoft Visual Studio Solution File, Format Version 12.00
# Visual Studio Version 17
VisualStudioVersion = 17.4.33213.308
MinimumVisualStudioVersion = 10.0.40219.1
Project("{9A19103F-16F7-4668-BE54-9A1E7A4F7556}") = "LicWeb", "LicentaFinal\LicWeb.csproj", "{0CCBDD76-A0F0-48E2-9845-AF4E3E5377BE}"
EndProject
Global
	GlobalSection(SolutionConfigurationPlatforms) = preSolution
		Debug|Any CPU = Debug|Any CPU
		Release|Any CPU = Release|Any CPU
	EndGlobalSection
	GlobalSection(ProjectConfigurationPlatforms) = postSolution
		{0CCBDD76-A0F0-48E2-9845-AF4E3E5377BE}.Debug|Any CPU.ActiveCfg = Debug|Any CPU
		{0CCBDD76-A0F0-48E2-9845-AF4E3E5377BE}.Debug|Any CPU.Build.0 = Debug|Any CPU
		{0CCBDD76-A0F0-48E2-9845-AF4E3E5377BE}.Release|Any CPU.ActiveCfg = Release|Any CPU
		{0CCBDD76-A0F0-48E2-9845-AF4E3E5377BE}.Release|Any CPU.Build.0 = Release|Any CPU
	EndGlobalSection
	GlobalSection(SolutionProperties) = preSolution
		HideSolutionNode = FALSE
	EndGlobalSection
	GlobalSection(ExtensibilityGlobals) = postSolution
		SolutionGuid = {40AACD5D-E88C-49EB-B8D2-39C0F4AED1B7}
	EndGlobalSection
EndGlobal
